
Microsoft Visual Studio Solution File, Format Version 12.00
# Visual Studio Version 17
VisualStudioVersion = 17.1.32328.378
MinimumVisualStudioVersion = 10.0.40219.1
Project("{FAE04EC0-301F-11D3-BF4B-00C04F79EFBC}") = "esinav", "esinav\esinav.csproj", "{531AD073-96C9-4AD9-A9A8-B64D0701A829}"
EndProject
Global
	GlobalSection(SolutionConfigurationPlatforms) = preSolution
		Debug|Any CPU = Debug|Any CPU
		Release|Any CPU = Release|Any CPU
	EndGlobalSection
	GlobalSection(ProjectConfigurationPlatforms) = postSolution
		{531AD073-96C9-4AD9-A9A8-B64D0701A829}.Debug|Any CPU.ActiveCfg = Debug|Any CPU
		{531AD073-96C9-4AD9-A9A8-B64D0701A829}.Debug|Any CPU.Build.0 = Debug|Any CPU
		{531AD073-96C9-4AD9-A9A8-B64D0701A829}.Release|Any CPU.ActiveCfg = Release|Any CPU
		{531AD073-96C9-4AD9-A9A8-B64D0701A829}.Release|Any CPU.Build.0 = Release|Any CPU
	EndGlobalSection
	GlobalSection(SolutionProperties) = preSolution
		HideSolutionNode = FALSE
	EndGlobalSection
	GlobalSection(ExtensibilityGlobals) = postSolution
		SolutionGuid = {01E94267-E31B-42F4-BDE5-7E3665A727FB}
	EndGlobalSection
EndGlobal
